<?xml version="1.0" encoding="utf-8"?>
<Project ToolsVersion="4.0" xmlns="http://schemas.microsoft.com/developer/msbuild/2003">
  <ItemGroup>
    <Filter Include="Quelldateien">
      <UniqueIdentifier>{4FC737F1-C7A5-4376-A066-2A32D752A2FF}</UniqueIdentifier>
      <Extensions>cpp;c;cc;cxx;c++;cppm;ixx;def;odl;idl;hpj;bat;asm;asmx</Extensions>
    </Filter>
    <Filter Include="Headerdateien">
      <UniqueIdentifier>{93995380-89BD-4b04-88EB-625FBE52EBFB}</UniqueIdentifier>
      <Extensions>h;hh;hpp;hxx;h++;hm;inl;inc;ipp;xsd</Extensions>
    </Filter>
    <Filter Include="Ressourcendateien">
      <UniqueIdentifier>{67DA6AB6-F800-4c08-8B7A-83BB121AAD01}</UniqueIdentifier>
      <Extensions>rc;ico;cur;bmp;dlg;rc2;rct;bin;rgs;gif;jpg;jpeg;jpe;resx;tiff;tif;png;wav;mfcribbon-ms</Extensions>
    </Filter>
    <Filter Include="Library">
      <UniqueIdentifier>{5e8d8b5b-7e38-40ac-9dc9-018f1e3d375d}</UniqueIdentifier>
      <Extensions>dll</Extensions>
    </Filter>
    <Filter Include="assimp">
      <UniqueIdentifier>{eea78c53-8ffa-4ded-b207-93c15fbd9b31}</UniqueIdentifier>
      <Extensions>h;hpp;inl</Extensions>
    </Filter>
  </ItemGroup>
  <ItemGroup>
    <ClInclude Include="TRexAssimpImport.h">
      <Filter>Headerdateien</Filter>
    </ClInclude>
    <ClInclude Include="include\assimp\aabb.h">
      <Filter>assimp</Filter>
    </ClInclude>
    <ClInclude Include="include\assimp\ai_assert.h">
      <Filter>assimp</Filter>
    </ClInclude>
    <ClInclude Include="include\assimp\anim.h">
      <Filter>assimp</Filter>
    </ClInclude>
    <ClInclude Include="include\assimp\BaseImporter.h">
      <Filter>assimp</Filter>
    </ClInclude>
    <ClInclude Include="include\assimp\Bitmap.h">
      <Filter>assimp</Filter>
    </ClInclude>
    <ClInclude Include="include\assimp\BlobIOSystem.h">
      <Filter>assimp</Filter>
    </ClInclude>
    <ClInclude Include="include\assimp\ByteSwapper.h">
      <Filter>assimp</Filter>
    </ClInclude>
    <ClInclude Include="include\assimp\camera.h">
      <Filter>assimp</Filter>
    </ClInclude>
    <ClInclude Include="include\assimp\cexport.h">
      <Filter>assimp</Filter>
    </ClInclude>
    <ClInclude Include="include\assimp\cfileio.h">
      <Filter>assimp</Filter>
    </ClInclude>
    <ClInclude Include="include\assimp\cimport.h">
      <Filter>assimp</Filter>
    </ClInclude>
    <ClInclude Include="include\assimp\ColladaMetaData.h">
      <Filter>assimp</Filter>
    </ClInclude>
    <ClInclude Include="include\assimp\color4.h">
      <Filter>assimp</Filter>
    </ClInclude>
    <ClInclude Include="include\assimp\commonMetaData.h">
      <Filter>assimp</Filter>
    </ClInclude>
    <ClInclude Include="include\assimp\config.h">
      <Filter>assimp</Filter>
    </ClInclude>
    <ClInclude Include="include\assimp\CreateAnimMesh.h">
      <Filter>assimp</Filter>
    </ClInclude>
    <ClInclude Include="include\assimp\DefaultIOStream.h">
      <Filter>assimp</Filter>
    </ClInclude>
    <ClInclude Include="include\assimp\DefaultIOSystem.h">
      <Filter>assimp</Filter>
    </ClInclude>
    <ClInclude Include="include\assimp\DefaultLogger.hpp">
      <Filter>assimp</Filter>
    </ClInclude>
    <ClInclude Include="include\assimp\Defines.h">
      <Filter>assimp</Filter>
    </ClInclude>
    <ClInclude Include="include\assimp\defs.h">
      <Filter>assimp</Filter>
    </ClInclude>
    <ClInclude Include="include\assimp\Exceptional.h">
      <Filter>assimp</Filter>
    </ClInclude>
    <ClInclude Include="include\assimp\Exporter.hpp">
      <Filter>assimp</Filter>
    </ClInclude>
    <ClInclude Include="include\assimp\fast_atof.h">
      <Filter>assimp</Filter>
    </ClInclude>
    <ClInclude Include="include\assimp\GenericProperty.h">
      <Filter>assimp</Filter>
    </ClInclude>
    <ClInclude Include="include\assimp\Hash.h">
      <Filter>assimp</Filter>
    </ClInclude>
    <ClInclude Include="include\assimp\Importer.hpp">
      <Filter>assimp</Filter>
    </ClInclude>
    <ClInclude Include="include\assimp\importerdesc.h">
      <Filter>assimp</Filter>
    </ClInclude>
    <ClInclude Include="include\assimp\IOStream.hpp">
      <Filter>assimp</Filter>
    </ClInclude>
    <ClInclude Include="include\assimp\IOStreamBuffer.h">
      <Filter>assimp</Filter>
    </ClInclude>
    <ClInclude Include="include\assimp\IOSystem.hpp">
      <Filter>assimp</Filter>
    </ClInclude>
    <ClInclude Include="include\assimp\light.h">
      <Filter>assimp</Filter>
    </ClInclude>
    <ClInclude Include="include\assimp\LineSplitter.h">
      <Filter>assimp</Filter>
    </ClInclude>
    <ClInclude Include="include\assimp\LogAux.h">
      <Filter>assimp</Filter>
    </ClInclude>
    <ClInclude Include="include\assimp\Logger.hpp">
      <Filter>assimp</Filter>
    </ClInclude>
    <ClInclude Include="include\assimp\LogStream.hpp">
      <Filter>assimp</Filter>
    </ClInclude>
    <ClInclude Include="include\assimp\material.h">
      <Filter>assimp</Filter>
    </ClInclude>
    <ClInclude Include="include\assimp\MathFunctions.h">
      <Filter>assimp</Filter>
    </ClInclude>
    <ClInclude Include="include\assimp\matrix3x3.h">
      <Filter>assimp</Filter>
    </ClInclude>
    <ClInclude Include="include\assimp\matrix4x4.h">
      <Filter>assimp</Filter>
    </ClInclude>
    <ClInclude Include="include\assimp\MemoryIOWrapper.h">
      <Filter>assimp</Filter>
    </ClInclude>
    <ClInclude Include="include\assimp\mesh.h">
      <Filter>assimp</Filter>
    </ClInclude>
    <ClInclude Include="include\assimp\metadata.h">
      <Filter>assimp</Filter>
    </ClInclude>
    <ClInclude Include="include\assimp\NullLogger.hpp">
      <Filter>assimp</Filter>
    </ClInclude>
    <ClInclude Include="include\assimp\ParsingUtils.h">
      <Filter>assimp</Filter>
    </ClInclude>
    <ClInclude Include="include\assimp\pbrmaterial.h">
      <Filter>assimp</Filter>
    </ClInclude>
    <ClInclude Include="include\assimp\postprocess.h">
      <Filter>assimp</Filter>
    </ClInclude>
    <ClInclude Include="include\assimp\Profiler.h">
      <Filter>assimp</Filter>
    </ClInclude>
    <ClInclude Include="include\assimp\ProgressHandler.hpp">
      <Filter>assimp</Filter>
    </ClInclude>
    <ClInclude Include="include\assimp\qnan.h">
      <Filter>assimp</Filter>
    </ClInclude>
    <ClInclude Include="include\assimp\quaternion.h">
      <Filter>assimp</Filter>
    </ClInclude>
    <ClInclude Include="include\assimp\RemoveComments.h">
      <Filter>assimp</Filter>
    </ClInclude>
    <ClInclude Include="include\assimp\scene.h">
      <Filter>assimp</Filter>
    </ClInclude>
    <ClInclude Include="include\assimp\SceneCombiner.h">
      <Filter>assimp</Filter>
    </ClInclude>
    <ClInclude Include="include\assimp\SGSpatialSort.h">
      <Filter>assimp</Filter>
    </ClInclude>
    <ClInclude Include="include\assimp\SkeletonMeshBuilder.h">
      <Filter>assimp</Filter>
    </ClInclude>
    <ClInclude Include="include\assimp\SmallVector.h">
      <Filter>assimp</Filter>
    </ClInclude>
    <ClInclude Include="include\assimp\SmoothingGroups.h">
      <Filter>assimp</Filter>
    </ClInclude>
    <ClInclude Include="include\assimp\SpatialSort.h">
      <Filter>assimp</Filter>
    </ClInclude>
    <ClInclude Include="include\assimp\StandardShapes.h">
      <Filter>assimp</Filter>
    </ClInclude>
    <ClInclude Include="include\assimp\StreamReader.h">
      <Filter>assimp</Filter>
    </ClInclude>
    <ClInclude Include="include\assimp\StreamWriter.h">
      <Filter>assimp</Filter>
    </ClInclude>
    <ClInclude Include="include\assimp\StringComparison.h">
      <Filter>assimp</Filter>
    </ClInclude>
    <ClInclude Include="include\assimp\StringUtils.h">
      <Filter>assimp</Filter>
    </ClInclude>
    <ClInclude Include="include\assimp\Subdivision.h">
      <Filter>assimp</Filter>
    </ClInclude>
    <ClInclude Include="include\assimp\texture.h">
      <Filter>assimp</Filter>
    </ClInclude>
    <ClInclude Include="include\assimp\TinyFormatter.h">
      <Filter>assimp</Filter>
    </ClInclude>
    <ClInclude Include="include\assimp\types.h">
      <Filter>assimp</Filter>
    </ClInclude>
    <ClInclude Include="include\assimp\vector2.h">
      <Filter>assimp</Filter>
    </ClInclude>
    <ClInclude Include="include\assimp\vector3.h">
      <Filter>assimp</Filter>
    </ClInclude>
    <ClInclude Include="include\assimp\version.h">
      <Filter>assimp</Filter>
    </ClInclude>
    <ClInclude Include="include\assimp\Vertex.h">
      <Filter>assimp</Filter>
    </ClInclude>
    <ClInclude Include="include\assimp\XmlParser.h">
      <Filter>assimp</Filter>
    </ClInclude>
    <ClInclude Include="include\assimp\XMLTools.h">
      <Filter>assimp</Filter>
    </ClInclude>
    <ClInclude Include="include\assimp\ZipArchiveIOSystem.h">
      <Filter>assimp</Filter>
    </ClInclude>
    <ClInclude Include="TRexAssimpExport.h">
      <Filter>Headerdateien</Filter>
    </ClInclude>
    <ClInclude Include="TRexAssimpPreferences.h">
      <Filter>Headerdateien</Filter>
    </ClInclude>
    <ClInclude Include="TRexAssimp.h">
      <Filter>Headerdateien</Filter>
    </ClInclude>
  </ItemGroup>
  <ItemGroup>
    <ClCompile Include="TRexAssimpImport.cpp">
      <Filter>Quelldateien</Filter>
    </ClCompile>
    <ClCompile Include="TRexAssimpExport.cpp">
      <Filter>Quelldateien</Filter>
    </ClCompile>
    <ClCompile Include="TRexAssimpPreferences.cpp">
      <Filter>Quelldateien</Filter>
    </ClCompile>
    <ClCompile Include="TRexAssimp.cpp">
      <Filter>Quelldateien</Filter>
    </ClCompile>
  </ItemGroup>
  <ItemGroup>
    <None Include="include\assimp\color4.inl">
      <Filter>assimp</Filter>
    </None>
    <None Include="include\assimp\material.inl">
      <Filter>assimp</Filter>
    </None>
    <None Include="include\assimp\matrix3x3.inl">
      <Filter>assimp</Filter>
    </None>
    <None Include="include\assimp\matrix4x4.inl">
      <Filter>assimp</Filter>
    </None>
    <None Include="include\assimp\quaternion.inl">
      <Filter>assimp</Filter>
    </None>
    <None Include="include\assimp\SmoothingGroups.inl">
      <Filter>assimp</Filter>
    </None>
    <None Include="include\assimp\vector2.inl">
      <Filter>assimp</Filter>
    </None>
    <None Include="include\assimp\vector3.inl">
      <Filter>assimp</Filter>
    </None>
  </ItemGroup>
  <ItemGroup>
    <CopyFileToFolders Include="x64\assimp-vc143-mt.dll">
      <Filter>Library</Filter>
    </CopyFileToFolders>
  </ItemGroup>
</Project>